{
  "version": 4,
  "terraform_version": "1.4.6",
  "serial": 1,
  "lineage": "d8fb0898-1c9a-f436-b0f3-4c393f875a7b",
  "outputs": {},
  "resources": [
    {
      "mode": "managed",
      "type": "flux_bootstrap_git",
      "name": "cluster",
      "provider": "provider[\"registry.terraform.io/fluxcd/flux\"]",
      "instances": []
    },
    {
      "mode": "managed",
      "type": "tls_private_key",
      "name": "flux",
      "provider": "provider[\"registry.terraform.io/hashicorp/tls\"]",
      "instances": [
        {
          "schema_version": 1,
          "attributes": {
            "algorithm": "ECDSA",
            "ecdsa_curve": "P256",
            "id": "992d79358bfc524c4e60eac79bee4cb81ca789d9",
            "private_key_openssh": "-----BEGIN OPENSSH PRIVATE KEY-----\nb3BlbnNzaC1rZXktdjEAAAAABG5vbmUAAAAEbm9uZQAAAAAAAAABAAAAaAAAABNl\nY2RzYS1zaGEyLW5pc3RwMjU2AAAACG5pc3RwMjU2AAAAQQRGQRp634T1NcAB0q9f\nxn6rhqIiDesv69To7hIYMI5bVZs86dJ5e/KxZ9c1OusBW4mZ79Iusn81bGEYpVWe\n6DLnAAAAoAlRvWEJUb1hAAAAE2VjZHNhLXNoYTItbmlzdHAyNTYAAAAIbmlzdHAy\nNTYAAABBBEZBGnrfhPU1wAHSr1/GfquGoiIN6y/r1OjuEhgwjltVmzzp0nl78rFn\n1zU66wFbiZnv0i6yfzVsYRilVZ7oMucAAAAhAJMDkhV34UbTzIqbp50rmEunHFDX\nNnKg4Inn8xUyvMbbAAAAAAECAwQFBgc=\n-----END OPENSSH PRIVATE KEY-----\n",
            "private_key_pem": "-----BEGIN EC PRIVATE KEY-----\nMHcCAQEEIJMDkhV34UbTzIqbp50rmEunHFDXNnKg4Inn8xUyvMbboAoGCCqGSM49\nAwEHoUQDQgAERkEaet+E9TXAAdKvX8Z+q4aiIg3rL+vU6O4SGDCOW1WbPOnSeXvy\nsWfXNTrrAVuJme/SLrJ/NWxhGKVVnugy5w==\n-----END EC PRIVATE KEY-----\n",
            "private_key_pem_pkcs8": "-----BEGIN PRIVATE KEY-----\nMIGHAgEAMBMGByqGSM49AgEGCCqGSM49AwEHBG0wawIBAQQgkwOSFXfhRtPMipun\nnSuYS6ccUNc2cqDgiefzFTK8xtuhRANCAARGQRp634T1NcAB0q9fxn6rhqIiDesv\n69To7hIYMI5bVZs86dJ5e/KxZ9c1OusBW4mZ79Iusn81bGEYpVWe6DLn\n-----END PRIVATE KEY-----\n",
            "public_key_fingerprint_md5": "b2:7a:25:9e:c8:6b:92:cb:79:a6:ce:b4:ba:8d:03:b9",
            "public_key_fingerprint_sha256": "SHA256:AOUXCgwjmNMC1IQQm9+lI2jNmvHlS4ilDR6VF7u/CBY",
            "public_key_openssh": "ecdsa-sha2-nistp256 AAAAE2VjZHNhLXNoYTItbmlzdHAyNTYAAAAIbmlzdHAyNTYAAABBBEZBGnrfhPU1wAHSr1/GfquGoiIN6y/r1OjuEhgwjltVmzzp0nl78rFn1zU66wFbiZnv0i6yfzVsYRilVZ7oMuc=\n",
            "public_key_pem": "-----BEGIN PUBLIC KEY-----\nMFkwEwYHKoZIzj0CAQYIKoZIzj0DAQcDQgAERkEaet+E9TXAAdKvX8Z+q4aiIg3r\nL+vU6O4SGDCOW1WbPOnSeXvysWfXNTrrAVuJme/SLrJ/NWxhGKVVnugy5w==\n-----END PUBLIC KEY-----\n",
            "rsa_bits": 2048
          },
          "sensitive_attributes": []
        }
      ]
    }
  ],
  "check_results": null
}
